
Microsoft Visual Studio Solution File, Format Version 12.00
# Visual Studio Version 17
VisualStudioVersion = 17.10.35027.167
MinimumVisualStudioVersion = 10.0.40219.1
Project("{FAE04EC0-301F-11D3-BF4B-00C04F79EFBC}") = "ShoopingWeb", "ShoopingWeb\ShoopingWeb.csproj", "{536077D9-DB7E-42B1-8F15-060EB033DDC0}"
EndProject
Global
	GlobalSection(SolutionConfigurationPlatforms) = preSolution
		Debug|Any CPU = Debug|Any CPU
		Release|Any CPU = Release|Any CPU
	EndGlobalSection
	GlobalSection(ProjectConfigurationPlatforms) = postSolution
		{536077D9-DB7E-42B1-8F15-060EB033DDC0}.Debug|Any CPU.ActiveCfg = Debug|Any CPU
		{536077D9-DB7E-42B1-8F15-060EB033DDC0}.Debug|Any CPU.Build.0 = Debug|Any CPU
		{536077D9-DB7E-42B1-8F15-060EB033DDC0}.Release|Any CPU.ActiveCfg = Release|Any CPU
		{536077D9-DB7E-42B1-8F15-060EB033DDC0}.Release|Any CPU.Build.0 = Release|Any CPU
	EndGlobalSection
	GlobalSection(SolutionProperties) = preSolution
		HideSolutionNode = FALSE
	EndGlobalSection
	GlobalSection(ExtensibilityGlobals) = postSolution
		SolutionGuid = {4819ACAA-185E-4B4B-AEFC-15B9B3470516}
	EndGlobalSection
EndGlobal
